// !$*UTF8*$!
{
	archiveVersion = 1;
	classes = {
	};
	objectVersion = 56;
	objects = {

/* Begin PBXBuildFile section */
		64A5A3A028F1011100900DF5 /* JacketStashApp.swift in Sources */ = {isa = PBXBuildFile; fileRef = 64A5A39F28F1011100900DF5 /* JacketStashApp.swift */; };
		64A5A3A228F1011100900DF5 /* ContentView.swift in Sources */ = {isa = PBXBuildFile; fileRef = 64A5A3A128F1011100900DF5 /* ContentView.swift */; };
		64A5A3A428F1011200900DF5 /* Assets.xcassets in Resources */ = {isa = PBXBuildFile; fileRef = 64A5A3A328F1011200900DF5 /* Assets.xcassets */; };
		64A5A3A728F1011200900DF5 /* Preview Assets.xcassets in Resources */ = {isa = PBXBuildFile; fileRef = 64A5A3A628F1011200900DF5 /* Preview Assets.xcassets */; };
		64A5A3BB28F1054500900DF5 /* GoogleService-Info.plist in Resources */ = {isa = PBXBuildFile; fileRef = 64A5A3BA28F1054500900DF5 /* GoogleService-Info.plist */; };
		64A5A3BE28F129C900900DF5 /* FirebaseAuth in Frameworks */ = {isa = PBXBuildFile; productRef = 64A5A3BD28F129C900900DF5 /* FirebaseAuth */; };
		64A5A3C028F129C900900DF5 /* FirebaseFirestore in Frameworks */ = {isa = PBXBuildFile; productRef = 64A5A3BF28F129C900900DF5 /* FirebaseFirestore */; };
		64A5A3C228F1323600900DF5 /* ListView.swift in Sources */ = {isa = PBXBuildFile; fileRef = 64A5A3C128F1323600900DF5 /* ListView.swift */; };
		64A5A3C428F137E000900DF5 /* Dog.swift in Sources */ = {isa = PBXBuildFile; fileRef = 64A5A3C328F137E000900DF5 /* Dog.swift */; };
		64A5A3C628F13F9E00900DF5 /* DataManager.swift in Sources */ = {isa = PBXBuildFile; fileRef = 64A5A3C528F13F9E00900DF5 /* DataManager.swift */; };
		64A5A3C828F142BC00900DF5 /* NewDogView.swift in Sources */ = {isa = PBXBuildFile; fileRef = 64A5A3C728F142BC00900DF5 /* NewDogView.swift */; };
/* End PBXBuildFile section */

/* Begin PBXFileReference section */
		64A5A39C28F1011100900DF5 /* JacketStash.app */ = {isa = PBXFileReference; explicitFileType = wrapper.application; includeInIndex = 0; path = JacketStash.app; sourceTree = BUILT_PRODUCTS_DIR; };
		64A5A39F28F1011100900DF5 /* JacketStashApp.swift */ = {isa = PBXFileReference; lastKnownFileType = sourcecode.swift; path = JacketStashApp.swift; sourceTree = "<group>"; };
		64A5A3A128F1011100900DF5 /* ContentView.swift */ = {isa = PBXFileReference; lastKnownFileType = sourcecode.swift; path = ContentView.swift; sourceTree = "<group>"; };
		64A5A3A328F1011200900DF5 /* Assets.xcassets */ = {isa = PBXFileReference; lastKnownFileType = folder.assetcatalog; path = Assets.xcassets; sourceTree = "<group>"; };
		64A5A3A628F1011200900DF5 /* Preview Assets.xcassets */ = {isa = PBXFileReference; lastKnownFileType = folder.assetcatalog; path = "Preview Assets.xcassets"; sourceTree = "<group>"; };
		64A5A3BA28F1054500900DF5 /* GoogleService-Info.plist */ = {isa = PBXFileReference; fileEncoding = 4; lastKnownFileType = text.plist.xml; path = "GoogleService-Info.plist"; sourceTree = "<group>"; };
		64A5A3C128F1323600900DF5 /* ListView.swift */ = {isa = PBXFileReference; lastKnownFileType = sourcecode.swift; path = ListView.swift; sourceTree = "<group>"; };
		64A5A3C328F137E000900DF5 /* Dog.swift */ = {isa = PBXFileReference; lastKnownFileType = sourcecode.swift; path = Dog.swift; sourceTree = "<group>"; };
		64A5A3C528F13F9E00900DF5 /* DataManager.swift */ = {isa = PBXFileReference; lastKnownFileType = sourcecode.swift; path = DataManager.swift; sourceTree = "<group>"; };
		64A5A3C728F142BC00900DF5 /* NewDogView.swift */ = {isa = PBXFileReference; lastKnownFileType = sourcecode.swift; path = NewDogView.swift; sourceTree = "<group>"; };
/* End PBXFileReference section */

/* Begin PBXFrameworksBuildPhase section */
		64A5A39928F1011100900DF5 /* Frameworks */ = {
			isa = PBXFrameworksBuildPhase;
			buildActionMask = 2147483647;
			files = (
				64A5A3BE28F129C900900DF5 /* FirebaseAuth in Frameworks */,
				64A5A3C028F129C900900DF5 /* FirebaseFirestore in Frameworks */,
			);
			runOnlyForDeploymentPostprocessing = 0;
		};
/* End PBXFrameworksBuildPhase section */

/* Begin PBXGroup section */
		64A5A39328F1011100900DF5 = {
			isa = PBXGroup;
			children = (
				64A5A39E28F1011100900DF5 /* JacketStash */,
				64A5A39D28F1011100900DF5 /* Products */,
			);
			sourceTree = "<group>";
		};
		64A5A39D28F1011100900DF5 /* Products */ = {
			isa = PBXGroup;
			children = (
				64A5A39C28F1011100900DF5 /* JacketStash.app */,
			);
			name = Products;
			sourceTree = "<group>";
		};
		64A5A39E28F1011100900DF5 /* JacketStash */ = {
			isa = PBXGroup;
			children = (
				64A5A3BA28F1054500900DF5 /* GoogleService-Info.plist */,
				64A5A39F28F1011100900DF5 /* JacketStashApp.swift */,
				64A5A3A128F1011100900DF5 /* ContentView.swift */,
				64A5A3C128F1323600900DF5 /* ListView.swift */,
				64A5A3C728F142BC00900DF5 /* NewDogView.swift */,
				64A5A3C328F137E000900DF5 /* Dog.swift */,
				64A5A3C528F13F9E00900DF5 /* DataManager.swift */,
				64A5A3A328F1011200900DF5 /* Assets.xcassets */,
				64A5A3A528F1011200900DF5 /* Preview Content */,
			);
			path = JacketStash;
			sourceTree = "<group>";
		};
		64A5A3A528F1011200900DF5 /* Preview Content */ = {
			isa = PBXGroup;
			children = (
				64A5A3A628F1011200900DF5 /* Preview Assets.xcassets */,
			);
			path = "Preview Content";
			sourceTree = "<group>";
		};
/* End PBXGroup section */

/* Begin PBXNativeTarget section */
		64A5A39B28F1011100900DF5 /* JacketStash */ = {
			isa = PBXNativeTarget;
			buildConfigurationList = 64A5A3AA28F1011200900DF5 /* Build configuration list for PBXNativeTarget "JacketStash" */;
			buildPhases = (
				64A5A39828F1011100900DF5 /* Sources */,
				64A5A39928F1011100900DF5 /* Frameworks */,
				64A5A39A28F1011100900DF5 /* Resources */,
			);
			buildRules = (
			);
			dependencies = (
			);
			name = JacketStash;
			packageProductDependencies = (
				64A5A3BD28F129C900900DF5 /* FirebaseAuth */,
				64A5A3BF28F129C900900DF5 /* FirebaseFirestore */,
			);
			productName = JacketStash;
			productReference = 64A5A39C28F1011100900DF5 /* JacketStash.app */;
			productType = "com.apple.product-type.application";
		};
/* End PBXNativeTarget section */

/* Begin PBXProject section */
		64A5A39428F1011100900DF5 /* Project object */ = {
			isa = PBXProject;
			attributes = {
				BuildIndependentTargetsInParallel = 1;
				LastSwiftUpdateCheck = 1400;
				LastUpgradeCheck = 1400;
				TargetAttributes = {
					64A5A39B28F1011100900DF5 = {
						CreatedOnToolsVersion = 14.0.1;
					};
				};
			};
			buildConfigurationList = 64A5A39728F1011100900DF5 /* Build configuration list for PBXProject "JacketStash" */;
			compatibilityVersion = "Xcode 14.0";
			developmentRegion = en;
			hasScannedForEncodings = 0;
			knownRegions = (
				en,
				Base,
			);
			mainGroup = 64A5A39328F1011100900DF5;
			packageReferences = (
				64A5A3BC28F129C900900DF5 /* XCRemoteSwiftPackageReference "firebase-ios-sdk" */,
			);
			productRefGroup = 64A5A39D28F1011100900DF5 /* Products */;
			projectDirPath = "";
			projectRoot = "";
			targets = (
				64A5A39B28F1011100900DF5 /* JacketStash */,
			);
		};
/* End PBXProject section */

/* Begin PBXResourcesBuildPhase section */
		64A5A39A28F1011100900DF5 /* Resources */ = {
			isa = PBXResourcesBuildPhase;
			buildActionMask = 2147483647;
			files = (
				64A5A3A728F1011200900DF5 /* Preview Assets.xcassets in Resources */,
				64A5A3A428F1011200900DF5 /* Assets.xcassets in Resources */,
				64A5A3BB28F1054500900DF5 /* GoogleService-Info.plist in Resources */,
			);
			runOnlyForDeploymentPostprocessing = 0;
		};
/* End PBXResourcesBuildPhase section */

/* Begin PBXSourcesBuildPhase section */
		64A5A39828F1011100900DF5 /* Sources */ = {
			isa = PBXSourcesBuildPhase;
			buildActionMask = 2147483647;
			files = (
				64A5A3C828F142BC00900DF5 /* NewDogView.swift in Sources */,
				64A5A3A228F1011100900DF5 /* ContentView.swift in Sources */,
				64A5A3C628F13F9E00900DF5 /* DataManager.swift in Sources */,
				64A5A3A028F1011100900DF5 /* JacketStashApp.swift in Sources */,
				64A5A3C428F137E000900DF5 /* Dog.swift in Sources */,
				64A5A3C228F1323600900DF5 /* ListView.swift in Sources */,
			);
			runOnlyForDeploymentPostprocessing = 0;
		};
/* End PBXSourcesBuildPhase section */

/* Begin XCBuildConfiguration section */
		64A5A3A828F1011200900DF5 /* Debug */ = {
			isa = XCBuildConfiguration;
			buildSettings = {
				ALWAYS_SEARCH_USER_PATHS = NO;
				CLANG_ANALYZER_NONNULL = YES;
				CLANG_ANALYZER_NUMBER_OBJECT_CONVERSION = YES_AGGRESSIVE;
				CLANG_CXX_LANGUAGE_STANDARD = "gnu++20";
				CLANG_ENABLE_MODULES = YES;
				CLANG_ENABLE_OBJC_ARC = YES;
				CLANG_ENABLE_OBJC_WEAK = YES;
				CLANG_WARN_BLOCK_CAPTURE_AUTORELEASING = YES;
				CLANG_WARN_BOOL_CONVERSION = YES;
				CLANG_WARN_COMMA = YES;
				CLANG_WARN_CONSTANT_CONVERSION = YES;
				CLANG_WARN_DEPRECATED_OBJC_IMPLEMENTATIONS = YES;
				CLANG_WARN_DIRECT_OBJC_ISA_USAGE = YES_ERROR;
				CLANG_WARN_DOCUMENTATION_COMMENTS = YES;
				CLANG_WARN_EMPTY_BODY = YES;
				CLANG_WARN_ENUM_CONVERSION = YES;
				CLANG_WARN_INFINITE_RECURSION = YES;
				CLANG_WARN_INT_CONVERSION = YES;
				CLANG_WARN_NON_LITERAL_NULL_CONVERSION = YES;
				CLANG_WARN_OBJC_IMPLICIT_RETAIN_SELF = YES;
				CLANG_WARN_OBJC_LITERAL_CONVERSION = YES;
				CLANG_WARN_OBJC_ROOT_CLASS = YES_ERROR;
				CLANG_WARN_QUOTED_INCLUDE_IN_FRAMEWORK_HEADER = YES;
				CLANG_WARN_RANGE_LOOP_ANALYSIS = YES;
				CLANG_WARN_STRICT_PROTOTYPES = YES;
				CLANG_WARN_SUSPICIOUS_MOVE = YES;
				CLANG_WARN_UNGUARDED_AVAILABILITY = YES_AGGRESSIVE;
				CLANG_WARN_UNREACHABLE_CODE = YES;
				CLANG_WARN__DUPLICATE_METHOD_MATCH = YES;
				COPY_PHASE_STRIP = NO;
				DEBUG_INFORMATION_FORMAT = dwarf;
				ENABLE_STRICT_OBJC_MSGSEND = YES;
				ENABLE_TESTABILITY = YES;
				GCC_C_LANGUAGE_STANDARD = gnu11;
				GCC_DYNAMIC_NO_PIC = NO;
				GCC_NO_COMMON_BLOCKS = YES;
				GCC_OPTIMIZATION_LEVEL = 0;
				GCC_PREPROCESSOR_DEFINITIONS = (
					"DEBUG=1",
					"$(inherited)",
				);
				GCC_WARN_64_TO_32_BIT_CONVERSION = YES;
				GCC_WARN_ABOUT_RETURN_TYPE = YES_ERROR;
				GCC_WARN_UNDECLARED_SELECTOR = YES;
				GCC_WARN_UNINITIALIZED_AUTOS = YES_AGGRESSIVE;
				GCC_WARN_UNUSED_FUNCTION = YES;
				GCC_WARN_UNUSED_VARIABLE = YES;
				IPHONEOS_DEPLOYMENT_TARGET = 16.0;
				MTL_ENABLE_DEBUG_INFO = INCLUDE_SOURCE;
				MTL_FAST_MATH = YES;
				ONLY_ACTIVE_ARCH = YES;
				SDKROOT = iphoneos;
				SWIFT_ACTIVE_COMPILATION_CONDITIONS = DEBUG;
				SWIFT_OPTIMIZATION_LEVEL = "-Onone";
			};
			name = Debug;
		};
		64A5A3A928F1011200900DF5 /* Release */ = {
			isa = XCBuildConfiguration;
			buildSettings = {
				ALWAYS_SEARCH_USER_PATHS = NO;
				CLANG_ANALYZER_NONNULL = YES;
				CLANG_ANALYZER_NUMBER_OBJECT_CONVERSION = YES_AGGRESSIVE;
				CLANG_CXX_LANGUAGE_STANDARD = "gnu++20";
				CLANG_ENABLE_MODULES = YES;
				CLANG_ENABLE_OBJC_ARC = YES;
				CLANG_ENABLE_OBJC_WEAK = YES;
				CLANG_WARN_BLOCK_CAPTURE_AUTORELEASING = YES;
				CLANG_WARN_BOOL_CONVERSION = YES;
				CLANG_WARN_COMMA = YES;
				CLANG_WARN_CONSTANT_CONVERSION = YES;
				CLANG_WARN_DEPRECATED_OBJC_IMPLEMENTATIONS = YES;
				CLANG_WARN_DIRECT_OBJC_ISA_USAGE = YES_ERROR;
				CLANG_WARN_DOCUMENTATION_COMMENTS = YES;
				CLANG_WARN_EMPTY_BODY = YES;
				CLANG_WARN_ENUM_CONVERSION = YES;
				CLANG_WARN_INFINITE_RECURSION = YES;
				CLANG_WARN_INT_CONVERSION = YES;
				CLANG_WARN_NON_LITERAL_NULL_CONVERSION = YES;
				CLANG_WARN_OBJC_IMPLICIT_RETAIN_SELF = YES;
				CLANG_WARN_OBJC_LITERAL_CONVERSION = YES;
				CLANG_WARN_OBJC_ROOT_CLASS = YES_ERROR;
				CLANG_WARN_QUOTED_INCLUDE_IN_FRAMEWORK_HEADER = YES;
				CLANG_WARN_RANGE_LOOP_ANALYSIS = YES;
				CLANG_WARN_STRICT_PROTOTYPES = YES;
				CLANG_WARN_SUSPICIOUS_MOVE = YES;
				CLANG_WARN_UNGUARDED_AVAILABILITY = YES_AGGRESSIVE;
				CLANG_WARN_UNREACHABLE_CODE = YES;
				CLANG_WARN__DUPLICATE_METHOD_MATCH = YES;
				COPY_PHASE_STRIP = NO;
				DEBUG_INFORMATION_FORMAT = "dwarf-with-dsym";
				ENABLE_NS_ASSERTIONS = NO;
				ENABLE_STRICT_OBJC_MSGSEND = YES;
				GCC_C_LANGUAGE_STANDARD = gnu11;
				GCC_NO_COMMON_BLOCKS = YES;
				GCC_WARN_64_TO_32_BIT_CONVERSION = YES;
				GCC_WARN_ABOUT_RETURN_TYPE = YES_ERROR;
				GCC_WARN_UNDECLARED_SELECTOR = YES;
				GCC_WARN_UNINITIALIZED_AUTOS = YES_AGGRESSIVE;
				GCC_WARN_UNUSED_FUNCTION = YES;
				GCC_WARN_UNUSED_VARIABLE = YES;
				IPHONEOS_DEPLOYMENT_TARGET = 16.0;
				MTL_ENABLE_DEBUG_INFO = NO;
				MTL_FAST_MATH = YES;
				SDKROOT = iphoneos;
				SWIFT_COMPILATION_MODE = wholemodule;
				SWIFT_OPTIMIZATION_LEVEL = "-O";
				VALIDATE_PRODUCT = YES;
			};
			name = Release;
		};
		64A5A3AB28F1011200900DF5 /* Debug */ = {
			isa = XCBuildConfiguration;
			buildSettings = {
				ASSETCATALOG_COMPILER_APPICON_NAME = AppIcon;
				ASSETCATALOG_COMPILER_GLOBAL_ACCENT_COLOR_NAME = AccentColor;
				CODE_SIGN_STYLE = Automatic;
				CURRENT_PROJECT_VERSION = 1;
				DEVELOPMENT_ASSET_PATHS = "\"JacketStash/Preview Content\"";
				DEVELOPMENT_TEAM = 4CAV49JU76;
				ENABLE_PREVIEWS = YES;
				GENERATE_INFOPLIST_FILE = YES;
				INFOPLIST_KEY_LSApplicationCategoryType = "public.app-category.utilities";
				INFOPLIST_KEY_UIApplicationSceneManifest_Generation = YES;
				INFOPLIST_KEY_UIApplicationSupportsIndirectInputEvents = YES;
				INFOPLIST_KEY_UILaunchScreen_Generation = YES;
				INFOPLIST_KEY_UISupportedInterfaceOrientations_iPad = "UIInterfaceOrientationPortrait UIInterfaceOrientationPortraitUpsideDown UIInterfaceOrientationLandscapeLeft UIInterfaceOrientationLandscapeRight";
				INFOPLIST_KEY_UISupportedInterfaceOrientations_iPhone = "UIInterfaceOrientationPortrait UIInterfaceOrientationLandscapeLeft UIInterfaceOrientationLandscapeRight";
				LD_RUNPATH_SEARCH_PATHS = (
					"$(inherited)",
					"@executable_path/Frameworks",
				);
				MARKETING_VERSION = 1.0;
				PRODUCT_BUNDLE_IDENTIFIER = "aly3ye-virginia.edu.JacketStash";
				PRODUCT_NAME = "$(TARGET_NAME)";
				SWIFT_EMIT_LOC_STRINGS = YES;
				SWIFT_VERSION = 5.0;
				TARGETED_DEVICE_FAMILY = "1,2";
			};
			name = Debug;
		};
		64A5A3AC28F1011200900DF5 /* Release */ = {
			isa = XCBuildConfiguration;
			buildSettings = {
				ASSETCATALOG_COMPILER_APPICON_NAME = AppIcon;
				ASSETCATALOG_COMPILER_GLOBAL_ACCENT_COLOR_NAME = AccentColor;
				CODE_SIGN_STYLE = Automatic;
				CURRENT_PROJECT_VERSION = 1;
				DEVELOPMENT_ASSET_PATHS = "\"JacketStash/Preview Content\"";
				DEVELOPMENT_TEAM = 4CAV49JU76;
				ENABLE_PREVIEWS = YES;
				GENERATE_INFOPLIST_FILE = YES;
				INFOPLIST_KEY_LSApplicationCategoryType = "public.app-category.utilities";
				INFOPLIST_KEY_UIApplicationSceneManifest_Generation = YES;
				INFOPLIST_KEY_UIApplicationSupportsIndirectInputEvents = YES;
				INFOPLIST_KEY_UILaunchScreen_Generation = YES;
				INFOPLIST_KEY_UISupportedInterfaceOrientations_iPad = "UIInterfaceOrientationPortrait UIInterfaceOrientationPortraitUpsideDown UIInterfaceOrientationLandscapeLeft UIInterfaceOrientationLandscapeRight";
				INFOPLIST_KEY_UISupportedInterfaceOrientations_iPhone = "UIInterfaceOrientationPortrait UIInterfaceOrientationLandscapeLeft UIInterfaceOrientationLandscapeRight";
				LD_RUNPATH_SEARCH_PATHS = (
					"$(inherited)",
					"@executable_path/Frameworks",
				);
				MARKETING_VERSION = 1.0;
				PRODUCT_BUNDLE_IDENTIFIER = "aly3ye-virginia.edu.JacketStash";
				PRODUCT_NAME = "$(TARGET_NAME)";
				SWIFT_EMIT_LOC_STRINGS = YES;
				SWIFT_VERSION = 5.0;
				TARGETED_DEVICE_FAMILY = "1,2";
			};
			name = Release;
		};
/* End XCBuildConfiguration section */

/* Begin XCConfigurationList section */
		64A5A39728F1011100900DF5 /* Build configuration list for PBXProject "JacketStash" */ = {
			isa = XCConfigurationList;
			buildConfigurations = (
				64A5A3A828F1011200900DF5 /* Debug */,
				64A5A3A928F1011200900DF5 /* Release */,
			);
			defaultConfigurationIsVisible = 0;
			defaultConfigurationName = Release;
		};
		64A5A3AA28F1011200900DF5 /* Build configuration list for PBXNativeTarget "JacketStash" */ = {
			isa = XCConfigurationList;
			buildConfigurations = (
				64A5A3AB28F1011200900DF5 /* Debug */,
				64A5A3AC28F1011200900DF5 /* Release */,
			);
			defaultConfigurationIsVisible = 0;
			defaultConfigurationName = Release;
		};
/* End XCConfigurationList section */

/* Begin XCRemoteSwiftPackageReference section */
		64A5A3BC28F129C900900DF5 /* XCRemoteSwiftPackageReference "firebase-ios-sdk" */ = {
			isa = XCRemoteSwiftPackageReference;
			repositoryURL = "https://github.com/firebase/firebase-ios-sdk.git";
			requirement = {
				kind = upToNextMajorVersion;
				minimumVersion = 9.0.0;
			};
		};
/* End XCRemoteSwiftPackageReference section */

/* Begin XCSwiftPackageProductDependency section */
		64A5A3BD28F129C900900DF5 /* FirebaseAuth */ = {
			isa = XCSwiftPackageProductDependency;
			package = 64A5A3BC28F129C900900DF5 /* XCRemoteSwiftPackageReference "firebase-ios-sdk" */;
			productName = FirebaseAuth;
		};
		64A5A3BF28F129C900900DF5 /* FirebaseFirestore */ = {
			isa = XCSwiftPackageProductDependency;
			package = 64A5A3BC28F129C900900DF5 /* XCRemoteSwiftPackageReference "firebase-ios-sdk" */;
			productName = FirebaseFirestore;
		};
/* End XCSwiftPackageProductDependency section */
	};
	rootObject = 64A5A39428F1011100900DF5 /* Project object */;
}
